
Microsoft Visual Studio Solution File, Format Version 12.00
# Visual Studio Version 16
VisualStudioVersion = 16.0.31313.79
MinimumVisualStudioVersion = 10.0.40219.1
Project("{9A19103F-16F7-4668-BE54-9A1E7A4F7556}") = "yabai", "yabai\yabai.csproj", "{A094FFB9-C7B8-45DC-8ACF-BEDDA0FF4880}"
EndProject
Project("{2150E333-8FDC-42A3-9474-1A3956D46DE8}") = "Solution Items", "Solution Items", "{6B403C6E-FF4D-4047-831C-5C7D87C398CE}"
	ProjectSection(SolutionItems) = preProject
		.editorconfig = .editorconfig
	EndProjectSection
EndProject
Global
	GlobalSection(SolutionConfigurationPlatforms) = preSolution
		Debug|Any CPU = Debug|Any CPU
		Release|Any CPU = Release|Any CPU
	EndGlobalSection
	GlobalSection(ProjectConfigurationPlatforms) = postSolution
		{A094FFB9-C7B8-45DC-8ACF-BEDDA0FF4880}.Debug|Any CPU.ActiveCfg = Debug|Any CPU
		{A094FFB9-C7B8-45DC-8ACF-BEDDA0FF4880}.Debug|Any CPU.Build.0 = Debug|Any CPU
		{A094FFB9-C7B8-45DC-8ACF-BEDDA0FF4880}.Release|Any CPU.ActiveCfg = Release|Any CPU
		{A094FFB9-C7B8-45DC-8ACF-BEDDA0FF4880}.Release|Any CPU.Build.0 = Release|Any CPU
	EndGlobalSection
	GlobalSection(SolutionProperties) = preSolution
		HideSolutionNode = FALSE
	EndGlobalSection
	GlobalSection(ExtensibilityGlobals) = postSolution
		SolutionGuid = {E73C6E34-68B3-4037-9D78-BDDD55D80424}
	EndGlobalSection
EndGlobal
